
Microsoft Visual Studio Solution File, Format Version 12.00
Project("{FAE04EC0-301F-11D3-BF4B-00C04F79EFBC}") = "GrafSzomszedsagiLista", "GrafSzomszedsagiLista\GrafSzomszedsagiLista.csproj", "{09CAD0E4-F96A-4843-A8B1-D2C67E6287F9}"
EndProject
Global
	GlobalSection(SolutionConfigurationPlatforms) = preSolution
		Debug|Any CPU = Debug|Any CPU
		Release|Any CPU = Release|Any CPU
	EndGlobalSection
	GlobalSection(ProjectConfigurationPlatforms) = postSolution
		{09CAD0E4-F96A-4843-A8B1-D2C67E6287F9}.Debug|Any CPU.ActiveCfg = Debug|Any CPU
		{09CAD0E4-F96A-4843-A8B1-D2C67E6287F9}.Debug|Any CPU.Build.0 = Debug|Any CPU
		{09CAD0E4-F96A-4843-A8B1-D2C67E6287F9}.Release|Any CPU.ActiveCfg = Release|Any CPU
		{09CAD0E4-F96A-4843-A8B1-D2C67E6287F9}.Release|Any CPU.Build.0 = Release|Any CPU
	EndGlobalSection
EndGlobal
